// !$*UTF8*$!
{
	archiveVersion = 1;
	classes = {
	};
	objectVersion = 48;
	objects = {

/* Begin PBXBuildFile section */
		789AA6411F27D09900A039BD /* AppDelegate.swift in Sources */ = {isa = PBXBuildFile; fileRef = 789AA6401F27D09900A039BD /* AppDelegate.swift */; };
		789AA6431F27D09900A039BD /* ViewController.swift in Sources */ = {isa = PBXBuildFile; fileRef = 789AA6421F27D09900A039BD /* ViewController.swift */; };
		789AA6461F27D09900A039BD /* Main.storyboard in Resources */ = {isa = PBXBuildFile; fileRef = 789AA6441F27D09900A039BD /* Main.storyboard */; };
		789AA6481F27D09900A039BD /* Assets.xcassets in Resources */ = {isa = PBXBuildFile; fileRef = 789AA6471F27D09900A039BD /* Assets.xcassets */; };
		789AA64B1F27D09900A039BD /* LaunchScreen.storyboard in Resources */ = {isa = PBXBuildFile; fileRef = 789AA6491F27D09900A039BD /* LaunchScreen.storyboard */; };
		789AA6561F27D09A00A039BD /* Swift_FunTests.swift in Sources */ = {isa = PBXBuildFile; fileRef = 789AA6551F27D09A00A039BD /* Swift_FunTests.swift */; };
		789AA6611F27D09A00A039BD /* Swift_FunUITests.swift in Sources */ = {isa = PBXBuildFile; fileRef = 789AA6601F27D09A00A039BD /* Swift_FunUITests.swift */; };
/* End PBXBuildFile section */

/* Begin PBXContainerItemProxy section */
		789AA6521F27D09A00A039BD /* PBXContainerItemProxy */ = {
			isa = PBXContainerItemProxy;
			containerPortal = 789AA6351F27D09900A039BD /* Project object */;
			proxyType = 1;
			remoteGlobalIDString = 789AA63C1F27D09900A039BD;
			remoteInfo = "Swift Fun";
		};
		789AA65D1F27D09A00A039BD /* PBXContainerItemProxy */ = {
			isa = PBXContainerItemProxy;
			containerPortal = 789AA6351F27D09900A039BD /* Project object */;
			proxyType = 1;
			remoteGlobalIDString = 789AA63C1F27D09900A039BD;
			remoteInfo = "Swift Fun";
		};
/* End PBXContainerItemProxy section */

/* Begin PBXFileReference section */
		789AA63D1F27D09900A039BD /* Swift Fun.app */ = {isa = PBXFileReference; explicitFileType = wrapper.application; includeInIndex = 0; path = "Swift Fun.app"; sourceTree = BUILT_PRODUCTS_DIR; };
		789AA6401F27D09900A039BD /* AppDelegate.swift */ = {isa = PBXFileReference; lastKnownFileType = sourcecode.swift; path = AppDelegate.swift; sourceTree = "<group>"; };
		789AA6421F27D09900A039BD /* ViewController.swift */ = {isa = PBXFileReference; lastKnownFileType = sourcecode.swift; path = ViewController.swift; sourceTree = "<group>"; };
		789AA6451F27D09900A039BD /* Base */ = {isa = PBXFileReference; lastKnownFileType = file.storyboard; name = Base; path = Base.lproj/Main.storyboard; sourceTree = "<group>"; };
		789AA6471F27D09900A039BD /* Assets.xcassets */ = {isa = PBXFileReference; lastKnownFileType = folder.assetcatalog; path = Assets.xcassets; sourceTree = "<group>"; };
		789AA64A1F27D09900A039BD /* Base */ = {isa = PBXFileReference; lastKnownFileType = file.storyboard; name = Base; path = Base.lproj/LaunchScreen.storyboard; sourceTree = "<group>"; };
		789AA64C1F27D09900A039BD /* Info.plist */ = {isa = PBXFileReference; lastKnownFileType = text.plist.xml; path = Info.plist; sourceTree = "<group>"; };
		789AA6511F27D09A00A039BD /* Swift FunTests.xctest */ = {isa = PBXFileReference; explicitFileType = wrapper.cfbundle; includeInIndex = 0; path = "Swift FunTests.xctest"; sourceTree = BUILT_PRODUCTS_DIR; };
		789AA6551F27D09A00A039BD /* Swift_FunTests.swift */ = {isa = PBXFileReference; lastKnownFileType = sourcecode.swift; path = Swift_FunTests.swift; sourceTree = "<group>"; };
		789AA6571F27D09A00A039BD /* Info.plist */ = {isa = PBXFileReference; lastKnownFileType = text.plist.xml; path = Info.plist; sourceTree = "<group>"; };
		789AA65C1F27D09A00A039BD /* Swift FunUITests.xctest */ = {isa = PBXFileReference; explicitFileType = wrapper.cfbundle; includeInIndex = 0; path = "Swift FunUITests.xctest"; sourceTree = BUILT_PRODUCTS_DIR; };
		789AA6601F27D09A00A039BD /* Swift_FunUITests.swift */ = {isa = PBXFileReference; lastKnownFileType = sourcecode.swift; path = Swift_FunUITests.swift; sourceTree = "<group>"; };
		789AA6621F27D09A00A039BD /* Info.plist */ = {isa = PBXFileReference; lastKnownFileType = text.plist.xml; path = Info.plist; sourceTree = "<group>"; };
/* End PBXFileReference section */

/* Begin PBXFrameworksBuildPhase section */
		789AA63A1F27D09900A039BD /* Frameworks */ = {
			isa = PBXFrameworksBuildPhase;
			buildActionMask = 2147483647;
			files = (
			);
			runOnlyForDeploymentPostprocessing = 0;
		};
		789AA64E1F27D09A00A039BD /* Frameworks */ = {
			isa = PBXFrameworksBuildPhase;
			buildActionMask = 2147483647;
			files = (
			);
			runOnlyForDeploymentPostprocessing = 0;
		};
		789AA6591F27D09A00A039BD /* Frameworks */ = {
			isa = PBXFrameworksBuildPhase;
			buildActionMask = 2147483647;
			files = (
			);
			runOnlyForDeploymentPostprocessing = 0;
		};
/* End PBXFrameworksBuildPhase section */

/* Begin PBXGroup section */
		789AA6341F27D09900A039BD = {
			isa = PBXGroup;
			children = (
				789AA63F1F27D09900A039BD /* Swift Fun */,
				789AA6541F27D09A00A039BD /* Swift FunTests */,
				789AA65F1F27D09A00A039BD /* Swift FunUITests */,
				789AA63E1F27D09900A039BD /* Products */,
			);
			sourceTree = "<group>";
		};
		789AA63E1F27D09900A039BD /* Products */ = {
			isa = PBXGroup;
			children = (
				789AA63D1F27D09900A039BD /* Swift Fun.app */,
				789AA6511F27D09A00A039BD /* Swift FunTests.xctest */,
				789AA65C1F27D09A00A039BD /* Swift FunUITests.xctest */,
			);
			name = Products;
			sourceTree = "<group>";
		};
		789AA63F1F27D09900A039BD /* Swift Fun */ = {
			isa = PBXGroup;
			children = (
				789AA6401F27D09900A039BD /* AppDelegate.swift */,
				789AA6421F27D09900A039BD /* ViewController.swift */,
				789AA6441F27D09900A039BD /* Main.storyboard */,
				789AA6471F27D09900A039BD /* Assets.xcassets */,
				789AA6491F27D09900A039BD /* LaunchScreen.storyboard */,
				789AA64C1F27D09900A039BD /* Info.plist */,
			);
			path = "Swift Fun";
			sourceTree = "<group>";
		};
		789AA6541F27D09A00A039BD /* Swift FunTests */ = {
			isa = PBXGroup;
			children = (
				789AA6551F27D09A00A039BD /* Swift_FunTests.swift */,
				789AA6571F27D09A00A039BD /* Info.plist */,
			);
			path = "Swift FunTests";
			sourceTree = "<group>";
		};
		789AA65F1F27D09A00A039BD /* Swift FunUITests */ = {
			isa = PBXGroup;
			children = (
				789AA6601F27D09A00A039BD /* Swift_FunUITests.swift */,
				789AA6621F27D09A00A039BD /* Info.plist */,
			);
			path = "Swift FunUITests";
			sourceTree = "<group>";
		};
/* End PBXGroup section */

/* Begin PBXNativeTarget section */
		789AA63C1F27D09900A039BD /* Swift Fun */ = {
			isa = PBXNativeTarget;
			buildConfigurationList = 789AA6651F27D09A00A039BD /* Build configuration list for PBXNativeTarget "Swift Fun" */;
			buildPhases = (
				789AA6391F27D09900A039BD /* Sources */,
				789AA63A1F27D09900A039BD /* Frameworks */,
				789AA63B1F27D09900A039BD /* Resources */,
			);
			buildRules = (
			);
			dependencies = (
			);
			name = "Swift Fun";
			productName = "Swift Fun";
			productReference = 789AA63D1F27D09900A039BD /* Swift Fun.app */;
			productType = "com.apple.product-type.application";
		};
		789AA6501F27D09A00A039BD /* Swift FunTests */ = {
			isa = PBXNativeTarget;
			buildConfigurationList = 789AA6681F27D09A00A039BD /* Build configuration list for PBXNativeTarget "Swift FunTests" */;
			buildPhases = (
				789AA64D1F27D09A00A039BD /* Sources */,
				789AA64E1F27D09A00A039BD /* Frameworks */,
				789AA64F1F27D09A00A039BD /* Resources */,
			);
			buildRules = (
			);
			dependencies = (
				789AA6531F27D09A00A039BD /* PBXTargetDependency */,
			);
			name = "Swift FunTests";
			productName = "Swift FunTests";
			productReference = 789AA6511F27D09A00A039BD /* Swift FunTests.xctest */;
			productType = "com.apple.product-type.bundle.unit-test";
		};
		789AA65B1F27D09A00A039BD /* Swift FunUITests */ = {
			isa = PBXNativeTarget;
			buildConfigurationList = 789AA66B1F27D09A00A039BD /* Build configuration list for PBXNativeTarget "Swift FunUITests" */;
			buildPhases = (
				789AA6581F27D09A00A039BD /* Sources */,
				789AA6591F27D09A00A039BD /* Frameworks */,
				789AA65A1F27D09A00A039BD /* Resources */,
			);
			buildRules = (
			);
			dependencies = (
				789AA65E1F27D09A00A039BD /* PBXTargetDependency */,
			);
			name = "Swift FunUITests";
			productName = "Swift FunUITests";
			productReference = 789AA65C1F27D09A00A039BD /* Swift FunUITests.xctest */;
			productType = "com.apple.product-type.bundle.ui-testing";
		};
/* End PBXNativeTarget section */

/* Begin PBXProject section */
		789AA6351F27D09900A039BD /* Project object */ = {
			isa = PBXProject;
			attributes = {
				LastSwiftUpdateCheck = 0900;
				LastUpgradeCheck = 0900;
				ORGANIZATIONNAME = OneWordMedia;
				TargetAttributes = {
					789AA63C1F27D09900A039BD = {
						CreatedOnToolsVersion = 9.0;
					};
					789AA6501F27D09A00A039BD = {
						CreatedOnToolsVersion = 9.0;
						TestTargetID = 789AA63C1F27D09900A039BD;
					};
					789AA65B1F27D09A00A039BD = {
						CreatedOnToolsVersion = 9.0;
						TestTargetID = 789AA63C1F27D09900A039BD;
					};
				};
			};
			buildConfigurationList = 789AA6381F27D09900A039BD /* Build configuration list for PBXProject "Swift Fun" */;
			compatibilityVersion = "Xcode 8.0";
			developmentRegion = en;
			hasScannedForEncodings = 0;
			knownRegions = (
				en,
				Base,
			);
			mainGroup = 789AA6341F27D09900A039BD;
			productRefGroup = 789AA63E1F27D09900A039BD /* Products */;
			projectDirPath = "";
			projectRoot = "";
			targets = (
				789AA63C1F27D09900A039BD /* Swift Fun */,
				789AA6501F27D09A00A039BD /* Swift FunTests */,
				789AA65B1F27D09A00A039BD /* Swift FunUITests */,
			);
		};
/* End PBXProject section */

/* Begin PBXResourcesBuildPhase section */
		789AA63B1F27D09900A039BD /* Resources */ = {
			isa = PBXResourcesBuildPhase;
			buildActionMask = 2147483647;
			files = (
				789AA64B1F27D09900A039BD /* LaunchScreen.storyboard in Resources */,
				789AA6481F27D09900A039BD /* Assets.xcassets in Resources */,
				789AA6461F27D09900A039BD /* Main.storyboard in Resources */,
			);
			runOnlyForDeploymentPostprocessing = 0;
		};
		789AA64F1F27D09A00A039BD /* Resources */ = {
			isa = PBXResourcesBuildPhase;
			buildActionMask = 2147483647;
			files = (
			);
			runOnlyForDeploymentPostprocessing = 0;
		};
		789AA65A1F27D09A00A039BD /* Resources */ = {
			isa = PBXResourcesBuildPhase;
			buildActionMask = 2147483647;
			files = (
			);
			runOnlyForDeploymentPostprocessing = 0;
		};
/* End PBXResourcesBuildPhase section */

/* Begin PBXSourcesBuildPhase section */
		789AA6391F27D09900A039BD /* Sources */ = {
			isa = PBXSourcesBuildPhase;
			buildActionMask = 2147483647;
			files = (
				789AA6431F27D09900A039BD /* ViewController.swift in Sources */,
				789AA6411F27D09900A039BD /* AppDelegate.swift in Sources */,
			);
			runOnlyForDeploymentPostprocessing = 0;
		};
		789AA64D1F27D09A00A039BD /* Sources */ = {
			isa = PBXSourcesBuildPhase;
			buildActionMask = 2147483647;
			files = (
				789AA6561F27D09A00A039BD /* Swift_FunTests.swift in Sources */,
			);
			runOnlyForDeploymentPostprocessing = 0;
		};
		789AA6581F27D09A00A039BD /* Sources */ = {
			isa = PBXSourcesBuildPhase;
			buildActionMask = 2147483647;
			files = (
				789AA6611F27D09A00A039BD /* Swift_FunUITests.swift in Sources */,
			);
			runOnlyForDeploymentPostprocessing = 0;
		};
/* End PBXSourcesBuildPhase section */

/* Begin PBXTargetDependency section */
		789AA6531F27D09A00A039BD /* PBXTargetDependency */ = {
			isa = PBXTargetDependency;
			target = 789AA63C1F27D09900A039BD /* Swift Fun */;
			targetProxy = 789AA6521F27D09A00A039BD /* PBXContainerItemProxy */;
		};
		789AA65E1F27D09A00A039BD /* PBXTargetDependency */ = {
			isa = PBXTargetDependency;
			target = 789AA63C1F27D09900A039BD /* Swift Fun */;
			targetProxy = 789AA65D1F27D09A00A039BD /* PBXContainerItemProxy */;
		};
/* End PBXTargetDependency section */

/* Begin PBXVariantGroup section */
		789AA6441F27D09900A039BD /* Main.storyboard */ = {
			isa = PBXVariantGroup;
			children = (
				789AA6451F27D09900A039BD /* Base */,
			);
			name = Main.storyboard;
			sourceTree = "<group>";
		};
		789AA6491F27D09900A039BD /* LaunchScreen.storyboard */ = {
			isa = PBXVariantGroup;
			children = (
				789AA64A1F27D09900A039BD /* Base */,
			);
			name = LaunchScreen.storyboard;
			sourceTree = "<group>";
		};
/* End PBXVariantGroup section */

/* Begin XCBuildConfiguration section */
		789AA6631F27D09A00A039BD /* Debug */ = {
			isa = XCBuildConfiguration;
			buildSettings = {
				ALWAYS_SEARCH_USER_PATHS = NO;
				CLANG_ANALYZER_NONNULL = YES;
				CLANG_ANALYZER_NUMBER_OBJECT_CONVERSION = YES_AGGRESSIVE;
				CLANG_CXX_LANGUAGE_STANDARD = "gnu++14";
				CLANG_CXX_LIBRARY = "libc++";
				CLANG_ENABLE_MODULES = YES;
				CLANG_ENABLE_OBJC_ARC = YES;
				CLANG_WARN_BLOCK_CAPTURE_AUTORELEASING = YES;
				CLANG_WARN_BOOL_CONVERSION = YES;
				CLANG_WARN_COMMA = YES;
				CLANG_WARN_CONSTANT_CONVERSION = YES;
				CLANG_WARN_DIRECT_OBJC_ISA_USAGE = YES_ERROR;
				CLANG_WARN_DOCUMENTATION_COMMENTS = YES;
				CLANG_WARN_EMPTY_BODY = YES;
				CLANG_WARN_ENUM_CONVERSION = YES;
				CLANG_WARN_INFINITE_RECURSION = YES;
				CLANG_WARN_INT_CONVERSION = YES;
				CLANG_WARN_NON_LITERAL_NULL_CONVERSION = YES;
				CLANG_WARN_OBJC_LITERAL_CONVERSION = YES;
				CLANG_WARN_OBJC_ROOT_CLASS = YES_ERROR;
				CLANG_WARN_RANGE_LOOP_ANALYSIS = YES;
				CLANG_WARN_STRICT_PROTOTYPES = YES;
				CLANG_WARN_SUSPICIOUS_MOVE = YES;
				CLANG_WARN_UNGUARDED_AVAILABILITY = YES_AGGRESSIVE;
				CLANG_WARN_UNREACHABLE_CODE = YES;
				CLANG_WARN__DUPLICATE_METHOD_MATCH = YES;
				CODE_SIGN_IDENTITY = "iPhone Developer";
				COPY_PHASE_STRIP = NO;
				DEBUG_INFORMATION_FORMAT = dwarf;
				ENABLE_STRICT_OBJC_MSGSEND = YES;
				ENABLE_TESTABILITY = YES;
				GCC_C_LANGUAGE_STANDARD = gnu11;
				GCC_DYNAMIC_NO_PIC = NO;
				GCC_NO_COMMON_BLOCKS = YES;
				GCC_OPTIMIZATION_LEVEL = 0;
				GCC_PREPROCESSOR_DEFINITIONS = (
					"DEBUG=1",
					"$(inherited)",
				);
				GCC_WARN_64_TO_32_BIT_CONVERSION = YES;
				GCC_WARN_ABOUT_RETURN_TYPE = YES_ERROR;
				GCC_WARN_UNDECLARED_SELECTOR = YES;
				GCC_WARN_UNINITIALIZED_AUTOS = YES_AGGRESSIVE;
				GCC_WARN_UNUSED_FUNCTION = YES;
				GCC_WARN_UNUSED_VARIABLE = YES;
				IPHONEOS_DEPLOYMENT_TARGET = 11.0;
				MTL_ENABLE_DEBUG_INFO = YES;
				ONLY_ACTIVE_ARCH = YES;
				SDKROOT = iphoneos;
				SWIFT_ACTIVE_COMPILATION_CONDITIONS = DEBUG;
				SWIFT_OPTIMIZATION_LEVEL = "-Onone";
			};
			name = Debug;
		};
		789AA6641F27D09A00A039BD /* Release */ = {
			isa = XCBuildConfiguration;
			buildSettings = {
				ALWAYS_SEARCH_USER_PATHS = NO;
				CLANG_ANALYZER_NONNULL = YES;
				CLANG_ANALYZER_NUMBER_OBJECT_CONVERSION = YES_AGGRESSIVE;
				CLANG_CXX_LANGUAGE_STANDARD = "gnu++14";
				CLANG_CXX_LIBRARY = "libc++";
				CLANG_ENABLE_MODULES = YES;
				CLANG_ENABLE_OBJC_ARC = YES;
				CLANG_WARN_BLOCK_CAPTURE_AUTORELEASING = YES;
				CLANG_WARN_BOOL_CONVERSION = YES;
				CLANG_WARN_COMMA = YES;
				CLANG_WARN_CONSTANT_CONVERSION = YES;
				CLANG_WARN_DIRECT_OBJC_ISA_USAGE = YES_ERROR;
				CLANG_WARN_DOCUMENTATION_COMMENTS = YES;
				CLANG_WARN_EMPTY_BODY = YES;
				CLANG_WARN_ENUM_CONVERSION = YES;
				CLANG_WARN_INFINITE_RECURSION = YES;
				CLANG_WARN_INT_CONVERSION = YES;
				CLANG_WARN_NON_LITERAL_NULL_CONVERSION = YES;
				CLANG_WARN_OBJC_LITERAL_CONVERSION = YES;
				CLANG_WARN_OBJC_ROOT_CLASS = YES_ERROR;
				CLANG_WARN_RANGE_LOOP_ANALYSIS = YES;
				CLANG_WARN_STRICT_PROTOTYPES = YES;
				CLANG_WARN_SUSPICIOUS_MOVE = YES;
				CLANG_WARN_UNGUARDED_AVAILABILITY = YES_AGGRESSIVE;
				CLANG_WARN_UNREACHABLE_CODE = YES;
				CLANG_WARN__DUPLICATE_METHOD_MATCH = YES;
				CODE_SIGN_IDENTITY = "iPhone Developer";
				COPY_PHASE_STRIP = NO;
				DEBUG_INFORMATION_FORMAT = "dwarf-with-dsym";
				ENABLE_NS_ASSERTIONS = NO;
				ENABLE_STRICT_OBJC_MSGSEND = YES;
				GCC_C_LANGUAGE_STANDARD = gnu11;
				GCC_NO_COMMON_BLOCKS = YES;
				GCC_WARN_64_TO_32_BIT_CONVERSION = YES;
				GCC_WARN_ABOUT_RETURN_TYPE = YES_ERROR;
				GCC_WARN_UNDECLARED_SELECTOR = YES;
				GCC_WARN_UNINITIALIZED_AUTOS = YES_AGGRESSIVE;
				GCC_WARN_UNUSED_FUNCTION = YES;
				GCC_WARN_UNUSED_VARIABLE = YES;
				IPHONEOS_DEPLOYMENT_TARGET = 11.0;
				MTL_ENABLE_DEBUG_INFO = NO;
				SDKROOT = iphoneos;
				SWIFT_OPTIMIZATION_LEVEL = "-Owholemodule";
				VALIDATE_PRODUCT = YES;
			};
			name = Release;
		};
		789AA6661F27D09A00A039BD /* Debug */ = {
			isa = XCBuildConfiguration;
			buildSettings = {
				ASSETCATALOG_COMPILER_APPICON_NAME = AppIcon;
				DEVELOPMENT_TEAM = 9LN9VF47XH;
				INFOPLIST_FILE = "Swift Fun/Info.plist";
				LD_RUNPATH_SEARCH_PATHS = "$(inherited) @executable_path/Frameworks";
				PRODUCT_BUNDLE_IDENTIFIER = "com.onewordmedia.Swift-Fun";
				PRODUCT_NAME = "$(TARGET_NAME)";
				SWIFT_VERSION = 4.0;
				TARGETED_DEVICE_FAMILY = "1,2";
			};
			name = Debug;
		};
		789AA6671F27D09A00A039BD /* Release */ = {
			isa = XCBuildConfiguration;
			buildSettings = {
				ASSETCATALOG_COMPILER_APPICON_NAME = AppIcon;
				DEVELOPMENT_TEAM = 9LN9VF47XH;
				INFOPLIST_FILE = "Swift Fun/Info.plist";
				LD_RUNPATH_SEARCH_PATHS = "$(inherited) @executable_path/Frameworks";
				PRODUCT_BUNDLE_IDENTIFIER = "com.onewordmedia.Swift-Fun";
				PRODUCT_NAME = "$(TARGET_NAME)";
				SWIFT_VERSION = 4.0;
				TARGETED_DEVICE_FAMILY = "1,2";
			};
			name = Release;
		};
		789AA6691F27D09A00A039BD /* Debug */ = {
			isa = XCBuildConfiguration;
			buildSettings = {
				ALWAYS_EMBED_SWIFT_STANDARD_LIBRARIES = YES;
				BUNDLE_LOADER = "$(TEST_HOST)";
				DEVELOPMENT_TEAM = 9LN9VF47XH;
				INFOPLIST_FILE = "Swift FunTests/Info.plist";
				LD_RUNPATH_SEARCH_PATHS = "$(inherited) @executable_path/Frameworks @loader_path/Frameworks";
				PRODUCT_BUNDLE_IDENTIFIER = "com.onewordmedia.Swift-FunTests";
				PRODUCT_NAME = "$(TARGET_NAME)";
				SWIFT_VERSION = 4.0;
				TARGETED_DEVICE_FAMILY = "1,2";
				TEST_HOST = "$(BUILT_PRODUCTS_DIR)/Swift Fun.app/Swift Fun";
			};
			name = Debug;
		};
		789AA66A1F27D09A00A039BD /* Release */ = {
			isa = XCBuildConfiguration;
			buildSettings = {
				ALWAYS_EMBED_SWIFT_STANDARD_LIBRARIES = YES;
				BUNDLE_LOADER = "$(TEST_HOST)";
				DEVELOPMENT_TEAM = 9LN9VF47XH;
				INFOPLIST_FILE = "Swift FunTests/Info.plist";
				LD_RUNPATH_SEARCH_PATHS = "$(inherited) @executable_path/Frameworks @loader_path/Frameworks";
				PRODUCT_BUNDLE_IDENTIFIER = "com.onewordmedia.Swift-FunTests";
				PRODUCT_NAME = "$(TARGET_NAME)";
				SWIFT_VERSION = 4.0;
				TARGETED_DEVICE_FAMILY = "1,2";
				TEST_HOST = "$(BUILT_PRODUCTS_DIR)/Swift Fun.app/Swift Fun";
			};
			name = Release;
		};
		789AA66C1F27D09A00A039BD /* Debug */ = {
			isa = XCBuildConfiguration;
			buildSettings = {
				ALWAYS_EMBED_SWIFT_STANDARD_LIBRARIES = YES;
				DEVELOPMENT_TEAM = 9LN9VF47XH;
				INFOPLIST_FILE = "Swift FunUITests/Info.plist";
				LD_RUNPATH_SEARCH_PATHS = "$(inherited) @executable_path/Frameworks @loader_path/Frameworks";
				PRODUCT_BUNDLE_IDENTIFIER = "com.onewordmedia.Swift-FunUITests";
				PRODUCT_NAME = "$(TARGET_NAME)";
				SWIFT_VERSION = 4.0;
				TARGETED_DEVICE_FAMILY = "1,2";
				TEST_TARGET_NAME = "Swift Fun";
			};
			name = Debug;
		};
		789AA66D1F27D09A00A039BD /* Release */ = {
			isa = XCBuildConfiguration;
			buildSettings = {
				ALWAYS_EMBED_SWIFT_STANDARD_LIBRARIES = YES;
				DEVELOPMENT_TEAM = 9LN9VF47XH;
				INFOPLIST_FILE = "Swift FunUITests/Info.plist";
				LD_RUNPATH_SEARCH_PATHS = "$(inherited) @executable_path/Frameworks @loader_path/Frameworks";
				PRODUCT_BUNDLE_IDENTIFIER = "com.onewordmedia.Swift-FunUITests";
				PRODUCT_NAME = "$(TARGET_NAME)";
				SWIFT_VERSION = 4.0;
				TARGETED_DEVICE_FAMILY = "1,2";
				TEST_TARGET_NAME = "Swift Fun";
			};
			name = Release;
		};
/* End XCBuildConfiguration section */

/* Begin XCConfigurationList section */
		789AA6381F27D09900A039BD /* Build configuration list for PBXProject "Swift Fun" */ = {
			isa = XCConfigurationList;
			buildConfigurations = (
				789AA6631F27D09A00A039BD /* Debug */,
				789AA6641F27D09A00A039BD /* Release */,
			);
			defaultConfigurationIsVisible = 0;
			defaultConfigurationName = Release;
		};
		789AA6651F27D09A00A039BD /* Build configuration list for PBXNativeTarget "Swift Fun" */ = {
			isa = XCConfigurationList;
			buildConfigurations = (
				789AA6661F27D09A00A039BD /* Debug */,
				789AA6671F27D09A00A039BD /* Release */,
			);
			defaultConfigurationIsVisible = 0;
			defaultConfigurationName = Release;
		};
		789AA6681F27D09A00A039BD /* Build configuration list for PBXNativeTarget "Swift FunTests" */ = {
			isa = XCConfigurationList;
			buildConfigurations = (
				789AA6691F27D09A00A039BD /* Debug */,
				789AA66A1F27D09A00A039BD /* Release */,
			);
			defaultConfigurationIsVisible = 0;
			defaultConfigurationName = Release;
		};
		789AA66B1F27D09A00A039BD /* Build configuration list for PBXNativeTarget "Swift FunUITests" */ = {
			isa = XCConfigurationList;
			buildConfigurations = (
				789AA66C1F27D09A00A039BD /* Debug */,
				789AA66D1F27D09A00A039BD /* Release */,
			);
			defaultConfigurationIsVisible = 0;
			defaultConfigurationName = Release;
		};
/* End XCConfigurationList section */
	};
	rootObject = 789AA6351F27D09900A039BD /* Project object */;
}
